
Microsoft Visual Studio Solution File, Format Version 12.00
# Visual Studio Version 17
VisualStudioVersion = 17.9.34622.214
MinimumVisualStudioVersion = 10.0.40219.1
Project("{2150E333-8FDC-42A3-9474-1A3956D46DE8}") = "AppConfigurations", "AppConfigurations", "{03FAC833-7515-4C6E-AD3F-A1252E96C1CA}"
	ProjectSection(SolutionItems) = preProject
		.gitignore = .gitignore
		README.md = README.md
	EndProjectSection
EndProject
Project("{2150E333-8FDC-42A3-9474-1A3956D46DE8}") = "AppDocs", "AppDocs", "{7DF4974B-CF1F-41C0-84BF-4D5E6D9AB977}"
EndProject
Project("{2150E333-8FDC-42A3-9474-1A3956D46DE8}") = "ThirdParty", "ThirdParty", "{81CC5E6B-7D3F-40F0-A632-230ECF7AD23E}"
EndProject
Project("{2150E333-8FDC-42A3-9474-1A3956D46DE8}") = "UnitTests", "UnitTests", "{E89CCBB2-3E70-457E-89E1-D5418E9A667A}"
EndProject
Project("{9A19103F-16F7-4668-BE54-9A1E7A4F7556}") = "DDT.Apps.DDTMonitor", "src\Apps\DDT.Apps.DDTMonitor\DDT.Apps.DDTMonitor.csproj", "{9194D73C-F7F0-4FF3-AED5-B2FA1BD21340}"
EndProject
Project("{9A19103F-16F7-4668-BE54-9A1E7A4F7556}") = "DDT.Apps.DDTIntraChat", "src\Apps\DDT.Apps.DDTIntraChat\DDT.Apps.DDTIntraChat.csproj", "{9D3ECE54-07D9-400F-B358-76A4FB4456FB}"
EndProject
Project("{9A19103F-16F7-4668-BE54-9A1E7A4F7556}") = "DDT.Apps.DDTDeveloperConsoleSample", "src\Apps\DDT.Apps.DDTDeveloperConsoleSample\DDT.Apps.DDTDeveloperConsoleSample.csproj", "{75818C51-50B1-4EBE-9963-2F7367583E94}"
EndProject
Project("{9A19103F-16F7-4668-BE54-9A1E7A4F7556}") = "DDT.Core", "src\Shared\DDT.Core\DDT.Core.csproj", "{B02921E1-15B4-488C-9CD9-DC887908A58B}"
EndProject
Project("{9A19103F-16F7-4668-BE54-9A1E7A4F7556}") = "DDT.Core.WPF", "src\Shared\DDT.Core.WPF\DDT.Core.WPF.csproj", "{4B30645A-8F3C-4BDB-BCB0-57BDD7C952CD}"
EndProject
Project("{9A19103F-16F7-4668-BE54-9A1E7A4F7556}") = "DDT.Apps.DDTAccessServer", "src\Apps\DDT.Apps.DDTAccessServer\DDT.Apps.DDTAccessServer.csproj", "{00517DCB-1EB9-46FF-8400-E7082C1DCACF}"
EndProject
Project("{2150E333-8FDC-42A3-9474-1A3956D46DE8}") = "Apps", "Apps", "{0A4DD44D-8D9C-4DA0-A0CD-0FCD7CDEAC52}"
EndProject
Project("{2150E333-8FDC-42A3-9474-1A3956D46DE8}") = "Shared", "Shared", "{0340F091-7D40-4373-B156-4F195846A680}"
EndProject
Project("{9A19103F-16F7-4668-BE54-9A1E7A4F7556}") = "DDT.Apps.DDTOrganizer", "src\Apps\DDT.Apps.DDTOrganizer\DDT.Apps.DDTOrganizer.csproj", "{031168D3-10C8-4082-AA60-0FB00AC8EF0D}"
EndProject
Project("{9A19103F-16F7-4668-BE54-9A1E7A4F7556}") = "DDT.Apps.DDTWPFSample", "src\Apps\DDT.Apps.DDTWPFSample\DDT.Apps.DDTWPFSample.csproj", "{EF3E7A80-75CA-491A-904C-61BF4E5FD720}"
EndProject
Global
	GlobalSection(SolutionConfigurationPlatforms) = preSolution
		Debug|Any CPU = Debug|Any CPU
		Release|Any CPU = Release|Any CPU
	EndGlobalSection
	GlobalSection(ProjectConfigurationPlatforms) = postSolution
		{9194D73C-F7F0-4FF3-AED5-B2FA1BD21340}.Debug|Any CPU.ActiveCfg = Debug|Any CPU
		{9194D73C-F7F0-4FF3-AED5-B2FA1BD21340}.Debug|Any CPU.Build.0 = Debug|Any CPU
		{9194D73C-F7F0-4FF3-AED5-B2FA1BD21340}.Release|Any CPU.ActiveCfg = Release|Any CPU
		{9194D73C-F7F0-4FF3-AED5-B2FA1BD21340}.Release|Any CPU.Build.0 = Release|Any CPU
		{9D3ECE54-07D9-400F-B358-76A4FB4456FB}.Debug|Any CPU.ActiveCfg = Debug|Any CPU
		{9D3ECE54-07D9-400F-B358-76A4FB4456FB}.Debug|Any CPU.Build.0 = Debug|Any CPU
		{9D3ECE54-07D9-400F-B358-76A4FB4456FB}.Release|Any CPU.ActiveCfg = Release|Any CPU
		{9D3ECE54-07D9-400F-B358-76A4FB4456FB}.Release|Any CPU.Build.0 = Release|Any CPU
		{75818C51-50B1-4EBE-9963-2F7367583E94}.Debug|Any CPU.ActiveCfg = Debug|Any CPU
		{75818C51-50B1-4EBE-9963-2F7367583E94}.Debug|Any CPU.Build.0 = Debug|Any CPU
		{75818C51-50B1-4EBE-9963-2F7367583E94}.Release|Any CPU.ActiveCfg = Release|Any CPU
		{75818C51-50B1-4EBE-9963-2F7367583E94}.Release|Any CPU.Build.0 = Release|Any CPU
		{B02921E1-15B4-488C-9CD9-DC887908A58B}.Debug|Any CPU.ActiveCfg = Debug|Any CPU
		{B02921E1-15B4-488C-9CD9-DC887908A58B}.Debug|Any CPU.Build.0 = Debug|Any CPU
		{B02921E1-15B4-488C-9CD9-DC887908A58B}.Release|Any CPU.ActiveCfg = Release|Any CPU
		{B02921E1-15B4-488C-9CD9-DC887908A58B}.Release|Any CPU.Build.0 = Release|Any CPU
		{4B30645A-8F3C-4BDB-BCB0-57BDD7C952CD}.Debug|Any CPU.ActiveCfg = Debug|Any CPU
		{4B30645A-8F3C-4BDB-BCB0-57BDD7C952CD}.Debug|Any CPU.Build.0 = Debug|Any CPU
		{4B30645A-8F3C-4BDB-BCB0-57BDD7C952CD}.Release|Any CPU.ActiveCfg = Release|Any CPU
		{4B30645A-8F3C-4BDB-BCB0-57BDD7C952CD}.Release|Any CPU.Build.0 = Release|Any CPU
		{00517DCB-1EB9-46FF-8400-E7082C1DCACF}.Debug|Any CPU.ActiveCfg = Debug|Any CPU
		{00517DCB-1EB9-46FF-8400-E7082C1DCACF}.Debug|Any CPU.Build.0 = Debug|Any CPU
		{00517DCB-1EB9-46FF-8400-E7082C1DCACF}.Release|Any CPU.ActiveCfg = Release|Any CPU
		{00517DCB-1EB9-46FF-8400-E7082C1DCACF}.Release|Any CPU.Build.0 = Release|Any CPU
		{031168D3-10C8-4082-AA60-0FB00AC8EF0D}.Debug|Any CPU.ActiveCfg = Debug|Any CPU
		{031168D3-10C8-4082-AA60-0FB00AC8EF0D}.Debug|Any CPU.Build.0 = Debug|Any CPU
		{031168D3-10C8-4082-AA60-0FB00AC8EF0D}.Release|Any CPU.ActiveCfg = Release|Any CPU
		{031168D3-10C8-4082-AA60-0FB00AC8EF0D}.Release|Any CPU.Build.0 = Release|Any CPU
		{EF3E7A80-75CA-491A-904C-61BF4E5FD720}.Debug|Any CPU.ActiveCfg = Debug|Any CPU
		{EF3E7A80-75CA-491A-904C-61BF4E5FD720}.Debug|Any CPU.Build.0 = Debug|Any CPU
		{EF3E7A80-75CA-491A-904C-61BF4E5FD720}.Release|Any CPU.ActiveCfg = Release|Any CPU
		{EF3E7A80-75CA-491A-904C-61BF4E5FD720}.Release|Any CPU.Build.0 = Release|Any CPU
	EndGlobalSection
	GlobalSection(SolutionProperties) = preSolution
		HideSolutionNode = FALSE
	EndGlobalSection
	GlobalSection(NestedProjects) = preSolution
		{9194D73C-F7F0-4FF3-AED5-B2FA1BD21340} = {0A4DD44D-8D9C-4DA0-A0CD-0FCD7CDEAC52}
		{9D3ECE54-07D9-400F-B358-76A4FB4456FB} = {0A4DD44D-8D9C-4DA0-A0CD-0FCD7CDEAC52}
		{75818C51-50B1-4EBE-9963-2F7367583E94} = {0A4DD44D-8D9C-4DA0-A0CD-0FCD7CDEAC52}
		{B02921E1-15B4-488C-9CD9-DC887908A58B} = {0340F091-7D40-4373-B156-4F195846A680}
		{4B30645A-8F3C-4BDB-BCB0-57BDD7C952CD} = {0340F091-7D40-4373-B156-4F195846A680}
		{00517DCB-1EB9-46FF-8400-E7082C1DCACF} = {0A4DD44D-8D9C-4DA0-A0CD-0FCD7CDEAC52}
		{031168D3-10C8-4082-AA60-0FB00AC8EF0D} = {0A4DD44D-8D9C-4DA0-A0CD-0FCD7CDEAC52}
		{EF3E7A80-75CA-491A-904C-61BF4E5FD720} = {0A4DD44D-8D9C-4DA0-A0CD-0FCD7CDEAC52}
	EndGlobalSection
	GlobalSection(ExtensibilityGlobals) = postSolution
		SolutionGuid = {1166F246-CF4A-4AC8-82FA-580EC92325D9}
	EndGlobalSection
EndGlobal
